
Microsoft Visual Studio Solution File, Format Version 12.00
# Visual Studio 15
VisualStudioVersion = 15.0.27130.2036
MinimumVisualStudioVersion = 10.0.40219.1
Project("{FAE04EC0-301F-11D3-BF4B-00C04F79EFBC}") = "MyLudosport", "MyLudosport\MyLudosport.csproj", "{17C803B2-DACA-4047-B4FB-B12E7FB490FB}"
EndProject
Global
	GlobalSection(SolutionConfigurationPlatforms) = preSolution
		Debug|Any CPU = Debug|Any CPU
		Release|Any CPU = Release|Any CPU
	EndGlobalSection
	GlobalSection(ProjectConfigurationPlatforms) = postSolution
		{17C803B2-DACA-4047-B4FB-B12E7FB490FB}.Debug|Any CPU.ActiveCfg = Debug|Any CPU
		{17C803B2-DACA-4047-B4FB-B12E7FB490FB}.Debug|Any CPU.Build.0 = Debug|Any CPU
		{17C803B2-DACA-4047-B4FB-B12E7FB490FB}.Release|Any CPU.ActiveCfg = Release|Any CPU
		{17C803B2-DACA-4047-B4FB-B12E7FB490FB}.Release|Any CPU.Build.0 = Release|Any CPU
	EndGlobalSection
	GlobalSection(SolutionProperties) = preSolution
		HideSolutionNode = FALSE
	EndGlobalSection
	GlobalSection(ExtensibilityGlobals) = postSolution
		SolutionGuid = {7BB81465-6BFE-4E6A-AD21-13BC6795B105}
	EndGlobalSection
EndGlobal
